
Microsoft Visual Studio Solution File, Format Version 12.00
# Visual Studio Version 16
VisualStudioVersion = 16.0.810.17
MinimumVisualStudioVersion = 10.0.40219.1
Project("{9A19103F-16F7-4668-BE54-9A1E7A4F7556}") = "TheLegendOfZelda", "TheLegendOfZelda.csproj", "{62845F12-9338-4C4C-948A-A3AA05E1DE0C}"
EndProject
Global
	GlobalSection(SolutionConfigurationPlatforms) = preSolution
		Debug|Any CPU = Debug|Any CPU
		Release|Any CPU = Release|Any CPU
	EndGlobalSection
	GlobalSection(ProjectConfigurationPlatforms) = postSolution
		{62845F12-9338-4C4C-948A-A3AA05E1DE0C}.Debug|Any CPU.ActiveCfg = Debug|Any CPU
		{62845F12-9338-4C4C-948A-A3AA05E1DE0C}.Debug|Any CPU.Build.0 = Debug|Any CPU
		{62845F12-9338-4C4C-948A-A3AA05E1DE0C}.Release|Any CPU.ActiveCfg = Release|Any CPU
		{62845F12-9338-4C4C-948A-A3AA05E1DE0C}.Release|Any CPU.Build.0 = Release|Any CPU
	EndGlobalSection
	GlobalSection(SolutionProperties) = preSolution
		HideSolutionNode = FALSE
	EndGlobalSection
	GlobalSection(ExtensibilityGlobals) = postSolution
		SolutionGuid = {7193E16B-3158-4C85-9897-92683B2F55F0}
	EndGlobalSection
EndGlobal
